// !$*UTF8*$!
{
	archiveVersion = 1;
	classes = {
	};
	objectVersion = 55;
	objects = {

/* Begin PBXBuildFile section */
		CA67BE4F296CC2F500BF85B5 /* AppDelegate.swift in Sources */ = {isa = PBXBuildFile; fileRef = CA67BE4E296CC2F500BF85B5 /* AppDelegate.swift */; };
		CA67BE51296CC2F500BF85B5 /* SceneDelegate.swift in Sources */ = {isa = PBXBuildFile; fileRef = CA67BE50296CC2F500BF85B5 /* SceneDelegate.swift */; };
		CA67BE58296CC2F700BF85B5 /* Assets.xcassets in Resources */ = {isa = PBXBuildFile; fileRef = CA67BE57296CC2F700BF85B5 /* Assets.xcassets */; };
		CA67BE5B296CC2F700BF85B5 /* LaunchScreen.storyboard in Resources */ = {isa = PBXBuildFile; fileRef = CA67BE59296CC2F700BF85B5 /* LaunchScreen.storyboard */; };
		CA67BE68296CC3BD00BF85B5 /* VehicleListViewController.swift in Sources */ = {isa = PBXBuildFile; fileRef = CA67BE66296CC3BD00BF85B5 /* VehicleListViewController.swift */; };
		CA67BE69296CC3BD00BF85B5 /* VehicleListViewController.xib in Resources */ = {isa = PBXBuildFile; fileRef = CA67BE67296CC3BD00BF85B5 /* VehicleListViewController.xib */; };
		CA67BE6B296CC3CE00BF85B5 /* VehicleListViewModel.swift in Sources */ = {isa = PBXBuildFile; fileRef = CA67BE6A296CC3CE00BF85B5 /* VehicleListViewModel.swift */; };
		CA67BE6D296CC3DB00BF85B5 /* VehicleListModel.swift in Sources */ = {isa = PBXBuildFile; fileRef = CA67BE6C296CC3DB00BF85B5 /* VehicleListModel.swift */; };
		CA67BE72296CC76300BF85B5 /* BaseService.swift in Sources */ = {isa = PBXBuildFile; fileRef = CA67BE71296CC76300BF85B5 /* BaseService.swift */; };
		CA67BE74296CC82B00BF85B5 /* Constants.swift in Sources */ = {isa = PBXBuildFile; fileRef = CA67BE73296CC82B00BF85B5 /* Constants.swift */; };
		CA67BE77296CC9C000BF85B5 /* VehicleTableViewCell.swift in Sources */ = {isa = PBXBuildFile; fileRef = CA67BE75296CC9C000BF85B5 /* VehicleTableViewCell.swift */; };
		CA67BE78296CC9C000BF85B5 /* VehicleTableViewCell.xib in Resources */ = {isa = PBXBuildFile; fileRef = CA67BE76296CC9C000BF85B5 /* VehicleTableViewCell.xib */; };
		CA67BE7C296CCF6100BF85B5 /* VehicleDetailViewController.swift in Sources */ = {isa = PBXBuildFile; fileRef = CA67BE7A296CCF6100BF85B5 /* VehicleDetailViewController.swift */; };
		CA67BE7D296CCF6100BF85B5 /* VehicleDetailViewController.xib in Resources */ = {isa = PBXBuildFile; fileRef = CA67BE7B296CCF6100BF85B5 /* VehicleDetailViewController.xib */; };
		CA67BE85296CD74000BF85B5 /* RidesTests.swift in Sources */ = {isa = PBXBuildFile; fileRef = CA67BE84296CD74000BF85B5 /* RidesTests.swift */; };
		CA67BE8C296CDD9800BF85B5 /* Utility.swift in Sources */ = {isa = PBXBuildFile; fileRef = CA67BE8B296CDD9800BF85B5 /* Utility.swift */; };
/* End PBXBuildFile section */

/* Begin PBXContainerItemProxy section */
		CA67BE86296CD74000BF85B5 /* PBXContainerItemProxy */ = {
			isa = PBXContainerItemProxy;
			containerPortal = CA67BE43296CC2F500BF85B5 /* Project object */;
			proxyType = 1;
			remoteGlobalIDString = CA67BE4A296CC2F500BF85B5;
			remoteInfo = Rides;
		};
/* End PBXContainerItemProxy section */

/* Begin PBXFileReference section */
		CA67BE4B296CC2F500BF85B5 /* Rides.app */ = {isa = PBXFileReference; explicitFileType = wrapper.application; includeInIndex = 0; path = Rides.app; sourceTree = BUILT_PRODUCTS_DIR; };
		CA67BE4E296CC2F500BF85B5 /* AppDelegate.swift */ = {isa = PBXFileReference; lastKnownFileType = sourcecode.swift; path = AppDelegate.swift; sourceTree = "<group>"; };
		CA67BE50296CC2F500BF85B5 /* SceneDelegate.swift */ = {isa = PBXFileReference; lastKnownFileType = sourcecode.swift; path = SceneDelegate.swift; sourceTree = "<group>"; };
		CA67BE57296CC2F700BF85B5 /* Assets.xcassets */ = {isa = PBXFileReference; lastKnownFileType = folder.assetcatalog; path = Assets.xcassets; sourceTree = "<group>"; };
		CA67BE5A296CC2F700BF85B5 /* Base */ = {isa = PBXFileReference; lastKnownFileType = file.storyboard; name = Base; path = Base.lproj/LaunchScreen.storyboard; sourceTree = "<group>"; };
		CA67BE5C296CC2F700BF85B5 /* Info.plist */ = {isa = PBXFileReference; lastKnownFileType = text.plist.xml; path = Info.plist; sourceTree = "<group>"; };
		CA67BE66296CC3BD00BF85B5 /* VehicleListViewController.swift */ = {isa = PBXFileReference; lastKnownFileType = sourcecode.swift; path = VehicleListViewController.swift; sourceTree = "<group>"; };
		CA67BE67296CC3BD00BF85B5 /* VehicleListViewController.xib */ = {isa = PBXFileReference; lastKnownFileType = file.xib; path = VehicleListViewController.xib; sourceTree = "<group>"; };
		CA67BE6A296CC3CE00BF85B5 /* VehicleListViewModel.swift */ = {isa = PBXFileReference; lastKnownFileType = sourcecode.swift; path = VehicleListViewModel.swift; sourceTree = "<group>"; };
		CA67BE6C296CC3DB00BF85B5 /* VehicleListModel.swift */ = {isa = PBXFileReference; lastKnownFileType = sourcecode.swift; path = VehicleListModel.swift; sourceTree = "<group>"; };
		CA67BE71296CC76300BF85B5 /* BaseService.swift */ = {isa = PBXFileReference; lastKnownFileType = sourcecode.swift; path = BaseService.swift; sourceTree = "<group>"; };
		CA67BE73296CC82B00BF85B5 /* Constants.swift */ = {isa = PBXFileReference; lastKnownFileType = sourcecode.swift; path = Constants.swift; sourceTree = "<group>"; };
		CA67BE75296CC9C000BF85B5 /* VehicleTableViewCell.swift */ = {isa = PBXFileReference; lastKnownFileType = sourcecode.swift; path = VehicleTableViewCell.swift; sourceTree = "<group>"; };
		CA67BE76296CC9C000BF85B5 /* VehicleTableViewCell.xib */ = {isa = PBXFileReference; lastKnownFileType = file.xib; path = VehicleTableViewCell.xib; sourceTree = "<group>"; };
		CA67BE7A296CCF6100BF85B5 /* VehicleDetailViewController.swift */ = {isa = PBXFileReference; lastKnownFileType = sourcecode.swift; path = VehicleDetailViewController.swift; sourceTree = "<group>"; };
		CA67BE7B296CCF6100BF85B5 /* VehicleDetailViewController.xib */ = {isa = PBXFileReference; lastKnownFileType = file.xib; path = VehicleDetailViewController.xib; sourceTree = "<group>"; };
		CA67BE82296CD74000BF85B5 /* RidesTests.xctest */ = {isa = PBXFileReference; explicitFileType = wrapper.cfbundle; includeInIndex = 0; path = RidesTests.xctest; sourceTree = BUILT_PRODUCTS_DIR; };
		CA67BE84296CD74000BF85B5 /* RidesTests.swift */ = {isa = PBXFileReference; lastKnownFileType = sourcecode.swift; path = RidesTests.swift; sourceTree = "<group>"; };
		CA67BE8B296CDD9800BF85B5 /* Utility.swift */ = {isa = PBXFileReference; lastKnownFileType = sourcecode.swift; path = Utility.swift; sourceTree = "<group>"; };
/* End PBXFileReference section */

/* Begin PBXFrameworksBuildPhase section */
		CA67BE48296CC2F500BF85B5 /* Frameworks */ = {
			isa = PBXFrameworksBuildPhase;
			buildActionMask = 2147483647;
			files = (
			);
			runOnlyForDeploymentPostprocessing = 0;
		};
		CA67BE7F296CD74000BF85B5 /* Frameworks */ = {
			isa = PBXFrameworksBuildPhase;
			buildActionMask = 2147483647;
			files = (
			);
			runOnlyForDeploymentPostprocessing = 0;
		};
/* End PBXFrameworksBuildPhase section */

/* Begin PBXGroup section */
		CA67BE42296CC2F500BF85B5 = {
			isa = PBXGroup;
			children = (
				CA67BE4D296CC2F500BF85B5 /* Rides */,
				CA67BE83296CD74000BF85B5 /* RidesTests */,
				CA67BE4C296CC2F500BF85B5 /* Products */,
			);
			sourceTree = "<group>";
		};
		CA67BE4C296CC2F500BF85B5 /* Products */ = {
			isa = PBXGroup;
			children = (
				CA67BE4B296CC2F500BF85B5 /* Rides.app */,
				CA67BE82296CD74000BF85B5 /* RidesTests.xctest */,
			);
			name = Products;
			sourceTree = "<group>";
		};
		CA67BE4D296CC2F500BF85B5 /* Rides */ = {
			isa = PBXGroup;
			children = (
				CA67BE70296CC75300BF85B5 /* ApiClient */,
				CA67BE65296CC38F00BF85B5 /* Model */,
				CA67BE64296CC38A00BF85B5 /* ViewModel */,
				CA67BE63296CC38400BF85B5 /* View */,
				CA67BE62296CC37700BF85B5 /* Application */,
				CA67BE57296CC2F700BF85B5 /* Assets.xcassets */,
				CA67BE59296CC2F700BF85B5 /* LaunchScreen.storyboard */,
				CA67BE5C296CC2F700BF85B5 /* Info.plist */,
			);
			path = Rides;
			sourceTree = "<group>";
		};
		CA67BE62296CC37700BF85B5 /* Application */ = {
			isa = PBXGroup;
			children = (
				CA67BE4E296CC2F500BF85B5 /* AppDelegate.swift */,
				CA67BE50296CC2F500BF85B5 /* SceneDelegate.swift */,
			);
			path = Application;
			sourceTree = "<group>";
		};
		CA67BE63296CC38400BF85B5 /* View */ = {
			isa = PBXGroup;
			children = (
				CA67BE79296CCF3D00BF85B5 /* VehicleDetailView */,
				CA67BE6E296CC3E700BF85B5 /* VehicleListView */,
			);
			path = View;
			sourceTree = "<group>";
		};
		CA67BE64296CC38A00BF85B5 /* ViewModel */ = {
			isa = PBXGroup;
			children = (
				CA67BE6A296CC3CE00BF85B5 /* VehicleListViewModel.swift */,
			);
			path = ViewModel;
			sourceTree = "<group>";
		};
		CA67BE65296CC38F00BF85B5 /* Model */ = {
			isa = PBXGroup;
			children = (
				CA67BE6C296CC3DB00BF85B5 /* VehicleListModel.swift */,
			);
			path = Model;
			sourceTree = "<group>";
		};
		CA67BE6E296CC3E700BF85B5 /* VehicleListView */ = {
			isa = PBXGroup;
			children = (
				CA67BE6F296CC3F700BF85B5 /* Cells */,
				CA67BE66296CC3BD00BF85B5 /* VehicleListViewController.swift */,
				CA67BE67296CC3BD00BF85B5 /* VehicleListViewController.xib */,
			);
			path = VehicleListView;
			sourceTree = "<group>";
		};
		CA67BE6F296CC3F700BF85B5 /* Cells */ = {
			isa = PBXGroup;
			children = (
				CA67BE75296CC9C000BF85B5 /* VehicleTableViewCell.swift */,
				CA67BE76296CC9C000BF85B5 /* VehicleTableViewCell.xib */,
			);
			path = Cells;
			sourceTree = "<group>";
		};
		CA67BE70296CC75300BF85B5 /* ApiClient */ = {
			isa = PBXGroup;
			children = (
				CA67BE71296CC76300BF85B5 /* BaseService.swift */,
				CA67BE73296CC82B00BF85B5 /* Constants.swift */,
				CA67BE8B296CDD9800BF85B5 /* Utility.swift */,
			);
			path = ApiClient;
			sourceTree = "<group>";
		};
		CA67BE79296CCF3D00BF85B5 /* VehicleDetailView */ = {
			isa = PBXGroup;
			children = (
				CA67BE7A296CCF6100BF85B5 /* VehicleDetailViewController.swift */,
				CA67BE7B296CCF6100BF85B5 /* VehicleDetailViewController.xib */,
			);
			path = VehicleDetailView;
			sourceTree = "<group>";
		};
		CA67BE83296CD74000BF85B5 /* RidesTests */ = {
			isa = PBXGroup;
			children = (
				CA67BE84296CD74000BF85B5 /* RidesTests.swift */,
			);
			path = RidesTests;
			sourceTree = "<group>";
		};
/* End PBXGroup section */

/* Begin PBXNativeTarget section */
		CA67BE4A296CC2F500BF85B5 /* Rides */ = {
			isa = PBXNativeTarget;
			buildConfigurationList = CA67BE5F296CC2F700BF85B5 /* Build configuration list for PBXNativeTarget "Rides" */;
			buildPhases = (
				CA67BE47296CC2F500BF85B5 /* Sources */,
				CA67BE48296CC2F500BF85B5 /* Frameworks */,
				CA67BE49296CC2F500BF85B5 /* Resources */,
			);
			buildRules = (
			);
			dependencies = (
			);
			name = Rides;
			productName = Rides;
			productReference = CA67BE4B296CC2F500BF85B5 /* Rides.app */;
			productType = "com.apple.product-type.application";
		};
		CA67BE81296CD74000BF85B5 /* RidesTests */ = {
			isa = PBXNativeTarget;
			buildConfigurationList = CA67BE88296CD74000BF85B5 /* Build configuration list for PBXNativeTarget "RidesTests" */;
			buildPhases = (
				CA67BE7E296CD74000BF85B5 /* Sources */,
				CA67BE7F296CD74000BF85B5 /* Frameworks */,
				CA67BE80296CD74000BF85B5 /* Resources */,
			);
			buildRules = (
			);
			dependencies = (
				CA67BE87296CD74000BF85B5 /* PBXTargetDependency */,
			);
			name = RidesTests;
			productName = RidesTests;
			productReference = CA67BE82296CD74000BF85B5 /* RidesTests.xctest */;
			productType = "com.apple.product-type.bundle.unit-test";
		};
/* End PBXNativeTarget section */

/* Begin PBXProject section */
		CA67BE43296CC2F500BF85B5 /* Project object */ = {
			isa = PBXProject;
			attributes = {
				BuildIndependentTargetsInParallel = 1;
				LastSwiftUpdateCheck = 1420;
				LastUpgradeCheck = 1420;
				TargetAttributes = {
					CA67BE4A296CC2F500BF85B5 = {
						CreatedOnToolsVersion = 14.2;
					};
					CA67BE81296CD74000BF85B5 = {
						CreatedOnToolsVersion = 14.2;
						TestTargetID = CA67BE4A296CC2F500BF85B5;
					};
				};
			};
			buildConfigurationList = CA67BE46296CC2F500BF85B5 /* Build configuration list for PBXProject "Rides" */;
			compatibilityVersion = "Xcode 13.0";
			developmentRegion = en;
			hasScannedForEncodings = 0;
			knownRegions = (
				en,
				Base,
			);
			mainGroup = CA67BE42296CC2F500BF85B5;
			productRefGroup = CA67BE4C296CC2F500BF85B5 /* Products */;
			projectDirPath = "";
			projectRoot = "";
			targets = (
				CA67BE4A296CC2F500BF85B5 /* Rides */,
				CA67BE81296CD74000BF85B5 /* RidesTests */,
			);
		};
/* End PBXProject section */

/* Begin PBXResourcesBuildPhase section */
		CA67BE49296CC2F500BF85B5 /* Resources */ = {
			isa = PBXResourcesBuildPhase;
			buildActionMask = 2147483647;
			files = (
				CA67BE78296CC9C000BF85B5 /* VehicleTableViewCell.xib in Resources */,
				CA67BE5B296CC2F700BF85B5 /* LaunchScreen.storyboard in Resources */,
				CA67BE58296CC2F700BF85B5 /* Assets.xcassets in Resources */,
				CA67BE69296CC3BD00BF85B5 /* VehicleListViewController.xib in Resources */,
				CA67BE7D296CCF6100BF85B5 /* VehicleDetailViewController.xib in Resources */,
			);
			runOnlyForDeploymentPostprocessing = 0;
		};
		CA67BE80296CD74000BF85B5 /* Resources */ = {
			isa = PBXResourcesBuildPhase;
			buildActionMask = 2147483647;
			files = (
			);
			runOnlyForDeploymentPostprocessing = 0;
		};
/* End PBXResourcesBuildPhase section */

/* Begin PBXSourcesBuildPhase section */
		CA67BE47296CC2F500BF85B5 /* Sources */ = {
			isa = PBXSourcesBuildPhase;
			buildActionMask = 2147483647;
			files = (
				CA67BE8C296CDD9800BF85B5 /* Utility.swift in Sources */,
				CA67BE7C296CCF6100BF85B5 /* VehicleDetailViewController.swift in Sources */,
				CA67BE77296CC9C000BF85B5 /* VehicleTableViewCell.swift in Sources */,
				CA67BE68296CC3BD00BF85B5 /* VehicleListViewController.swift in Sources */,
				CA67BE6B296CC3CE00BF85B5 /* VehicleListViewModel.swift in Sources */,
				CA67BE72296CC76300BF85B5 /* BaseService.swift in Sources */,
				CA67BE6D296CC3DB00BF85B5 /* VehicleListModel.swift in Sources */,
				CA67BE74296CC82B00BF85B5 /* Constants.swift in Sources */,
				CA67BE4F296CC2F500BF85B5 /* AppDelegate.swift in Sources */,
				CA67BE51296CC2F500BF85B5 /* SceneDelegate.swift in Sources */,
			);
			runOnlyForDeploymentPostprocessing = 0;
		};
		CA67BE7E296CD74000BF85B5 /* Sources */ = {
			isa = PBXSourcesBuildPhase;
			buildActionMask = 2147483647;
			files = (
				CA67BE85296CD74000BF85B5 /* RidesTests.swift in Sources */,
			);
			runOnlyForDeploymentPostprocessing = 0;
		};
/* End PBXSourcesBuildPhase section */

/* Begin PBXTargetDependency section */
		CA67BE87296CD74000BF85B5 /* PBXTargetDependency */ = {
			isa = PBXTargetDependency;
			target = CA67BE4A296CC2F500BF85B5 /* Rides */;
			targetProxy = CA67BE86296CD74000BF85B5 /* PBXContainerItemProxy */;
		};
/* End PBXTargetDependency section */

/* Begin PBXVariantGroup section */
		CA67BE59296CC2F700BF85B5 /* LaunchScreen.storyboard */ = {
			isa = PBXVariantGroup;
			children = (
				CA67BE5A296CC2F700BF85B5 /* Base */,
			);
			name = LaunchScreen.storyboard;
			sourceTree = "<group>";
		};
/* End PBXVariantGroup section */

/* Begin XCBuildConfiguration section */
		CA67BE5D296CC2F700BF85B5 /* Debug */ = {
			isa = XCBuildConfiguration;
			buildSettings = {
				ALWAYS_SEARCH_USER_PATHS = NO;
				CLANG_ANALYZER_NONNULL = YES;
				CLANG_ANALYZER_NUMBER_OBJECT_CONVERSION = YES_AGGRESSIVE;
				CLANG_CXX_LANGUAGE_STANDARD = "gnu++20";
				CLANG_ENABLE_MODULES = YES;
				CLANG_ENABLE_OBJC_ARC = YES;
				CLANG_ENABLE_OBJC_WEAK = YES;
				CLANG_WARN_BLOCK_CAPTURE_AUTORELEASING = YES;
				CLANG_WARN_BOOL_CONVERSION = YES;
				CLANG_WARN_COMMA = YES;
				CLANG_WARN_CONSTANT_CONVERSION = YES;
				CLANG_WARN_DEPRECATED_OBJC_IMPLEMENTATIONS = YES;
				CLANG_WARN_DIRECT_OBJC_ISA_USAGE = YES_ERROR;
				CLANG_WARN_DOCUMENTATION_COMMENTS = YES;
				CLANG_WARN_EMPTY_BODY = YES;
				CLANG_WARN_ENUM_CONVERSION = YES;
				CLANG_WARN_INFINITE_RECURSION = YES;
				CLANG_WARN_INT_CONVERSION = YES;
				CLANG_WARN_NON_LITERAL_NULL_CONVERSION = YES;
				CLANG_WARN_OBJC_IMPLICIT_RETAIN_SELF = YES;
				CLANG_WARN_OBJC_LITERAL_CONVERSION = YES;
				CLANG_WARN_OBJC_ROOT_CLASS = YES_ERROR;
				CLANG_WARN_QUOTED_INCLUDE_IN_FRAMEWORK_HEADER = YES;
				CLANG_WARN_RANGE_LOOP_ANALYSIS = YES;
				CLANG_WARN_STRICT_PROTOTYPES = YES;
				CLANG_WARN_SUSPICIOUS_MOVE = YES;
				CLANG_WARN_UNGUARDED_AVAILABILITY = YES_AGGRESSIVE;
				CLANG_WARN_UNREACHABLE_CODE = YES;
				CLANG_WARN__DUPLICATE_METHOD_MATCH = YES;
				COPY_PHASE_STRIP = NO;
				DEBUG_INFORMATION_FORMAT = dwarf;
				ENABLE_STRICT_OBJC_MSGSEND = YES;
				ENABLE_TESTABILITY = YES;
				GCC_C_LANGUAGE_STANDARD = gnu11;
				GCC_DYNAMIC_NO_PIC = NO;
				GCC_NO_COMMON_BLOCKS = YES;
				GCC_OPTIMIZATION_LEVEL = 0;
				GCC_PREPROCESSOR_DEFINITIONS = (
					"DEBUG=1",
					"$(inherited)",
				);
				GCC_WARN_64_TO_32_BIT_CONVERSION = YES;
				GCC_WARN_ABOUT_RETURN_TYPE = YES_ERROR;
				GCC_WARN_UNDECLARED_SELECTOR = YES;
				GCC_WARN_UNINITIALIZED_AUTOS = YES_AGGRESSIVE;
				GCC_WARN_UNUSED_FUNCTION = YES;
				GCC_WARN_UNUSED_VARIABLE = YES;
				IPHONEOS_DEPLOYMENT_TARGET = 16.2;
				MTL_ENABLE_DEBUG_INFO = INCLUDE_SOURCE;
				MTL_FAST_MATH = YES;
				ONLY_ACTIVE_ARCH = YES;
				SDKROOT = iphoneos;
				SWIFT_ACTIVE_COMPILATION_CONDITIONS = DEBUG;
				SWIFT_OPTIMIZATION_LEVEL = "-Onone";
			};
			name = Debug;
		};
		CA67BE5E296CC2F700BF85B5 /* Release */ = {
			isa = XCBuildConfiguration;
			buildSettings = {
				ALWAYS_SEARCH_USER_PATHS = NO;
				CLANG_ANALYZER_NONNULL = YES;
				CLANG_ANALYZER_NUMBER_OBJECT_CONVERSION = YES_AGGRESSIVE;
				CLANG_CXX_LANGUAGE_STANDARD = "gnu++20";
				CLANG_ENABLE_MODULES = YES;
				CLANG_ENABLE_OBJC_ARC = YES;
				CLANG_ENABLE_OBJC_WEAK = YES;
				CLANG_WARN_BLOCK_CAPTURE_AUTORELEASING = YES;
				CLANG_WARN_BOOL_CONVERSION = YES;
				CLANG_WARN_COMMA = YES;
				CLANG_WARN_CONSTANT_CONVERSION = YES;
				CLANG_WARN_DEPRECATED_OBJC_IMPLEMENTATIONS = YES;
				CLANG_WARN_DIRECT_OBJC_ISA_USAGE = YES_ERROR;
				CLANG_WARN_DOCUMENTATION_COMMENTS = YES;
				CLANG_WARN_EMPTY_BODY = YES;
				CLANG_WARN_ENUM_CONVERSION = YES;
				CLANG_WARN_INFINITE_RECURSION = YES;
				CLANG_WARN_INT_CONVERSION = YES;
				CLANG_WARN_NON_LITERAL_NULL_CONVERSION = YES;
				CLANG_WARN_OBJC_IMPLICIT_RETAIN_SELF = YES;
				CLANG_WARN_OBJC_LITERAL_CONVERSION = YES;
				CLANG_WARN_OBJC_ROOT_CLASS = YES_ERROR;
				CLANG_WARN_QUOTED_INCLUDE_IN_FRAMEWORK_HEADER = YES;
				CLANG_WARN_RANGE_LOOP_ANALYSIS = YES;
				CLANG_WARN_STRICT_PROTOTYPES = YES;
				CLANG_WARN_SUSPICIOUS_MOVE = YES;
				CLANG_WARN_UNGUARDED_AVAILABILITY = YES_AGGRESSIVE;
				CLANG_WARN_UNREACHABLE_CODE = YES;
				CLANG_WARN__DUPLICATE_METHOD_MATCH = YES;
				COPY_PHASE_STRIP = NO;
				DEBUG_INFORMATION_FORMAT = "dwarf-with-dsym";
				ENABLE_NS_ASSERTIONS = NO;
				ENABLE_STRICT_OBJC_MSGSEND = YES;
				GCC_C_LANGUAGE_STANDARD = gnu11;
				GCC_NO_COMMON_BLOCKS = YES;
				GCC_WARN_64_TO_32_BIT_CONVERSION = YES;
				GCC_WARN_ABOUT_RETURN_TYPE = YES_ERROR;
				GCC_WARN_UNDECLARED_SELECTOR = YES;
				GCC_WARN_UNINITIALIZED_AUTOS = YES_AGGRESSIVE;
				GCC_WARN_UNUSED_FUNCTION = YES;
				GCC_WARN_UNUSED_VARIABLE = YES;
				IPHONEOS_DEPLOYMENT_TARGET = 16.2;
				MTL_ENABLE_DEBUG_INFO = NO;
				MTL_FAST_MATH = YES;
				SDKROOT = iphoneos;
				SWIFT_COMPILATION_MODE = wholemodule;
				SWIFT_OPTIMIZATION_LEVEL = "-O";
				VALIDATE_PRODUCT = YES;
			};
			name = Release;
		};
		CA67BE60296CC2F700BF85B5 /* Debug */ = {
			isa = XCBuildConfiguration;
			buildSettings = {
				ASSETCATALOG_COMPILER_APPICON_NAME = AppIcon;
				ASSETCATALOG_COMPILER_GLOBAL_ACCENT_COLOR_NAME = AccentColor;
				CODE_SIGN_STYLE = Automatic;
				CURRENT_PROJECT_VERSION = 1;
				GENERATE_INFOPLIST_FILE = YES;
				INFOPLIST_FILE = Rides/Info.plist;
				INFOPLIST_KEY_UIApplicationSupportsIndirectInputEvents = YES;
				INFOPLIST_KEY_UILaunchStoryboardName = LaunchScreen;
				INFOPLIST_KEY_UISupportedInterfaceOrientations_iPad = "UIInterfaceOrientationPortrait UIInterfaceOrientationPortraitUpsideDown UIInterfaceOrientationLandscapeLeft UIInterfaceOrientationLandscapeRight";
				INFOPLIST_KEY_UISupportedInterfaceOrientations_iPhone = "UIInterfaceOrientationPortrait UIInterfaceOrientationLandscapeLeft UIInterfaceOrientationLandscapeRight";
				LD_RUNPATH_SEARCH_PATHS = (
					"$(inherited)",
					"@executable_path/Frameworks",
				);
				MARKETING_VERSION = 1.0;
				PRODUCT_BUNDLE_IDENTIFIER = usama.Rides;
				PRODUCT_NAME = "$(TARGET_NAME)";
				SWIFT_EMIT_LOC_STRINGS = YES;
				SWIFT_VERSION = 5.0;
				TARGETED_DEVICE_FAMILY = "1,2";
			};
			name = Debug;
		};
		CA67BE61296CC2F700BF85B5 /* Release */ = {
			isa = XCBuildConfiguration;
			buildSettings = {
				ASSETCATALOG_COMPILER_APPICON_NAME = AppIcon;
				ASSETCATALOG_COMPILER_GLOBAL_ACCENT_COLOR_NAME = AccentColor;
				CODE_SIGN_STYLE = Automatic;
				CURRENT_PROJECT_VERSION = 1;
				GENERATE_INFOPLIST_FILE = YES;
				INFOPLIST_FILE = Rides/Info.plist;
				INFOPLIST_KEY_UIApplicationSupportsIndirectInputEvents = YES;
				INFOPLIST_KEY_UILaunchStoryboardName = LaunchScreen;
				INFOPLIST_KEY_UISupportedInterfaceOrientations_iPad = "UIInterfaceOrientationPortrait UIInterfaceOrientationPortraitUpsideDown UIInterfaceOrientationLandscapeLeft UIInterfaceOrientationLandscapeRight";
				INFOPLIST_KEY_UISupportedInterfaceOrientations_iPhone = "UIInterfaceOrientationPortrait UIInterfaceOrientationLandscapeLeft UIInterfaceOrientationLandscapeRight";
				LD_RUNPATH_SEARCH_PATHS = (
					"$(inherited)",
					"@executable_path/Frameworks",
				);
				MARKETING_VERSION = 1.0;
				PRODUCT_BUNDLE_IDENTIFIER = usama.Rides;
				PRODUCT_NAME = "$(TARGET_NAME)";
				SWIFT_EMIT_LOC_STRINGS = YES;
				SWIFT_VERSION = 5.0;
				TARGETED_DEVICE_FAMILY = "1,2";
			};
			name = Release;
		};
		CA67BE89296CD74000BF85B5 /* Debug */ = {
			isa = XCBuildConfiguration;
			buildSettings = {
				BUNDLE_LOADER = "$(TEST_HOST)";
				CODE_SIGN_STYLE = Automatic;
				CURRENT_PROJECT_VERSION = 1;
				GENERATE_INFOPLIST_FILE = YES;
				IPHONEOS_DEPLOYMENT_TARGET = 14.0;
				MARKETING_VERSION = 1.0;
				PRODUCT_BUNDLE_IDENTIFIER = usama.RidesTests;
				PRODUCT_NAME = "$(TARGET_NAME)";
				SWIFT_EMIT_LOC_STRINGS = NO;
				SWIFT_VERSION = 5.0;
				TARGETED_DEVICE_FAMILY = "1,2";
				TEST_HOST = "$(BUILT_PRODUCTS_DIR)/Rides.app/$(BUNDLE_EXECUTABLE_FOLDER_PATH)/Rides";
			};
			name = Debug;
		};
		CA67BE8A296CD74000BF85B5 /* Release */ = {
			isa = XCBuildConfiguration;
			buildSettings = {
				BUNDLE_LOADER = "$(TEST_HOST)";
				CODE_SIGN_STYLE = Automatic;
				CURRENT_PROJECT_VERSION = 1;
				GENERATE_INFOPLIST_FILE = YES;
				IPHONEOS_DEPLOYMENT_TARGET = 14.0;
				MARKETING_VERSION = 1.0;
				PRODUCT_BUNDLE_IDENTIFIER = usama.RidesTests;
				PRODUCT_NAME = "$(TARGET_NAME)";
				SWIFT_EMIT_LOC_STRINGS = NO;
				SWIFT_VERSION = 5.0;
				TARGETED_DEVICE_FAMILY = "1,2";
				TEST_HOST = "$(BUILT_PRODUCTS_DIR)/Rides.app/$(BUNDLE_EXECUTABLE_FOLDER_PATH)/Rides";
			};
			name = Release;
		};
/* End XCBuildConfiguration section */

/* Begin XCConfigurationList section */
		CA67BE46296CC2F500BF85B5 /* Build configuration list for PBXProject "Rides" */ = {
			isa = XCConfigurationList;
			buildConfigurations = (
				CA67BE5D296CC2F700BF85B5 /* Debug */,
				CA67BE5E296CC2F700BF85B5 /* Release */,
			);
			defaultConfigurationIsVisible = 0;
			defaultConfigurationName = Release;
		};
		CA67BE5F296CC2F700BF85B5 /* Build configuration list for PBXNativeTarget "Rides" */ = {
			isa = XCConfigurationList;
			buildConfigurations = (
				CA67BE60296CC2F700BF85B5 /* Debug */,
				CA67BE61296CC2F700BF85B5 /* Release */,
			);
			defaultConfigurationIsVisible = 0;
			defaultConfigurationName = Release;
		};
		CA67BE88296CD74000BF85B5 /* Build configuration list for PBXNativeTarget "RidesTests" */ = {
			isa = XCConfigurationList;
			buildConfigurations = (
				CA67BE89296CD74000BF85B5 /* Debug */,
				CA67BE8A296CD74000BF85B5 /* Release */,
			);
			defaultConfigurationIsVisible = 0;
			defaultConfigurationName = Release;
		};
/* End XCConfigurationList section */
	};
	rootObject = CA67BE43296CC2F500BF85B5 /* Project object */;
}
